
Microsoft Visual Studio Solution File, Format Version 12.00
# Visual Studio 2013
VisualStudioVersion = 12.0.21005.1
MinimumVisualStudioVersion = 10.0.40219.1
Project("{8BC9CEB8-8B4A-11D0-8D11-00A0C91BC942}") = "driverMem", "driverMem\driverMem.vcxproj", "{F04E733E-753F-4C5E-80A6-82AB1E131582}"
EndProject
Project("{8BC9CEB8-8B4A-11D0-8D11-00A0C91BC942}") = "driverMem Package", "driverMem Package\driverMem Package.vcxproj", "{2E0ECC07-EEC3-4EED-9FAD-BF6FD6B470F6}"
	ProjectSection(ProjectDependencies) = postProject
		{F04E733E-753F-4C5E-80A6-82AB1E131582} = {F04E733E-753F-4C5E-80A6-82AB1E131582}
	EndProjectSection
EndProject
Project("{8BC9CEB8-8B4A-11D0-8D11-00A0C91BC942}") = "testMem1", "testMem1\testMem1.vcxproj", "{DC248270-F216-4A5C-997E-218E6CE8C016}"
EndProject
Project("{8BC9CEB8-8B4A-11D0-8D11-00A0C91BC942}") = "testMem2", "testMem2\testMem2.vcxproj", "{564AE4F4-73F2-4BF7-A738-065D5D1E7AAB}"
EndProject
Global
	GlobalSection(SolutionConfigurationPlatforms) = preSolution
		Debug|Win32 = Debug|Win32
		Debug|x64 = Debug|x64
		Release|Win32 = Release|Win32
		Release|x64 = Release|x64
		Win7 Debug|Win32 = Win7 Debug|Win32
		Win7 Debug|x64 = Win7 Debug|x64
		Win7 Release|Win32 = Win7 Release|Win32
		Win7 Release|x64 = Win7 Release|x64
		Win8 Debug|Win32 = Win8 Debug|Win32
		Win8 Debug|x64 = Win8 Debug|x64
		Win8 Release|Win32 = Win8 Release|Win32
		Win8 Release|x64 = Win8 Release|x64
		Win8.1 Debug|Win32 = Win8.1 Debug|Win32
		Win8.1 Debug|x64 = Win8.1 Debug|x64
		Win8.1 Release|Win32 = Win8.1 Release|Win32
		Win8.1 Release|x64 = Win8.1 Release|x64
	EndGlobalSection
	GlobalSection(ProjectConfigurationPlatforms) = postSolution
		{F04E733E-753F-4C5E-80A6-82AB1E131582}.Debug|Win32.ActiveCfg = Win8.1 Debug|Win32
		{F04E733E-753F-4C5E-80A6-82AB1E131582}.Debug|Win32.Build.0 = Win8.1 Debug|Win32
		{F04E733E-753F-4C5E-80A6-82AB1E131582}.Debug|Win32.Deploy.0 = Win8.1 Debug|Win32
		{F04E733E-753F-4C5E-80A6-82AB1E131582}.Debug|x64.ActiveCfg = Win8.1 Debug|x64
		{F04E733E-753F-4C5E-80A6-82AB1E131582}.Debug|x64.Build.0 = Win8.1 Debug|x64
		{F04E733E-753F-4C5E-80A6-82AB1E131582}.Debug|x64.Deploy.0 = Win8.1 Debug|x64
		{F04E733E-753F-4C5E-80A6-82AB1E131582}.Release|Win32.ActiveCfg = Win8.1 Release|Win32
		{F04E733E-753F-4C5E-80A6-82AB1E131582}.Release|Win32.Build.0 = Win8.1 Release|Win32
		{F04E733E-753F-4C5E-80A6-82AB1E131582}.Release|Win32.Deploy.0 = Win8.1 Release|Win32
		{F04E733E-753F-4C5E-80A6-82AB1E131582}.Release|x64.ActiveCfg = Win8.1 Release|x64
		{F04E733E-753F-4C5E-80A6-82AB1E131582}.Release|x64.Build.0 = Win8.1 Release|x64
		{F04E733E-753F-4C5E-80A6-82AB1E131582}.Release|x64.Deploy.0 = Win8.1 Release|x64
		{F04E733E-753F-4C5E-80A6-82AB1E131582}.Win7 Debug|Win32.ActiveCfg = Win7 Debug|Win32
		{F04E733E-753F-4C5E-80A6-82AB1E131582}.Win7 Debug|Win32.Build.0 = Win7 Debug|Win32
		{F04E733E-753F-4C5E-80A6-82AB1E131582}.Win7 Debug|Win32.Deploy.0 = Win7 Debug|Win32
		{F04E733E-753F-4C5E-80A6-82AB1E131582}.Win7 Debug|x64.ActiveCfg = Win7 Debug|x64
		{F04E733E-753F-4C5E-80A6-82AB1E131582}.Win7 Debug|x64.Build.0 = Win7 Debug|x64
		{F04E733E-753F-4C5E-80A6-82AB1E131582}.Win7 Debug|x64.Deploy.0 = Win7 Debug|x64
		{F04E733E-753F-4C5E-80A6-82AB1E131582}.Win7 Release|Win32.ActiveCfg = Win7 Release|Win32
		{F04E733E-753F-4C5E-80A6-82AB1E131582}.Win7 Release|Win32.Build.0 = Win7 Release|Win32
		{F04E733E-753F-4C5E-80A6-82AB1E131582}.Win7 Release|Win32.Deploy.0 = Win7 Release|Win32
		{F04E733E-753F-4C5E-80A6-82AB1E131582}.Win7 Release|x64.ActiveCfg = Win7 Release|x64
		{F04E733E-753F-4C5E-80A6-82AB1E131582}.Win7 Release|x64.Build.0 = Win7 Release|x64
		{F04E733E-753F-4C5E-80A6-82AB1E131582}.Win7 Release|x64.Deploy.0 = Win7 Release|x64
		{F04E733E-753F-4C5E-80A6-82AB1E131582}.Win8 Debug|Win32.ActiveCfg = Win8 Debug|Win32
		{F04E733E-753F-4C5E-80A6-82AB1E131582}.Win8 Debug|Win32.Build.0 = Win8 Debug|Win32
		{F04E733E-753F-4C5E-80A6-82AB1E131582}.Win8 Debug|Win32.Deploy.0 = Win8 Debug|Win32
		{F04E733E-753F-4C5E-80A6-82AB1E131582}.Win8 Debug|x64.ActiveCfg = Win8 Debug|x64
		{F04E733E-753F-4C5E-80A6-82AB1E131582}.Win8 Debug|x64.Build.0 = Win8 Debug|x64
		{F04E733E-753F-4C5E-80A6-82AB1E131582}.Win8 Debug|x64.Deploy.0 = Win8 Debug|x64
		{F04E733E-753F-4C5E-80A6-82AB1E131582}.Win8 Release|Win32.ActiveCfg = Win8 Release|Win32
		{F04E733E-753F-4C5E-80A6-82AB1E131582}.Win8 Release|Win32.Build.0 = Win8 Release|Win32
		{F04E733E-753F-4C5E-80A6-82AB1E131582}.Win8 Release|Win32.Deploy.0 = Win8 Release|Win32
		{F04E733E-753F-4C5E-80A6-82AB1E131582}.Win8 Release|x64.ActiveCfg = Win8 Release|x64
		{F04E733E-753F-4C5E-80A6-82AB1E131582}.Win8 Release|x64.Build.0 = Win8 Release|x64
		{F04E733E-753F-4C5E-80A6-82AB1E131582}.Win8 Release|x64.Deploy.0 = Win8 Release|x64
		{F04E733E-753F-4C5E-80A6-82AB1E131582}.Win8.1 Debug|Win32.ActiveCfg = Win8.1 Debug|Win32
		{F04E733E-753F-4C5E-80A6-82AB1E131582}.Win8.1 Debug|Win32.Build.0 = Win8.1 Debug|Win32
		{F04E733E-753F-4C5E-80A6-82AB1E131582}.Win8.1 Debug|Win32.Deploy.0 = Win8.1 Debug|Win32
		{F04E733E-753F-4C5E-80A6-82AB1E131582}.Win8.1 Debug|x64.ActiveCfg = Win8.1 Debug|x64
		{F04E733E-753F-4C5E-80A6-82AB1E131582}.Win8.1 Debug|x64.Build.0 = Win8.1 Debug|x64
		{F04E733E-753F-4C5E-80A6-82AB1E131582}.Win8.1 Debug|x64.Deploy.0 = Win8.1 Debug|x64
		{F04E733E-753F-4C5E-80A6-82AB1E131582}.Win8.1 Release|Win32.ActiveCfg = Win8.1 Release|Win32
		{F04E733E-753F-4C5E-80A6-82AB1E131582}.Win8.1 Release|Win32.Build.0 = Win8.1 Release|Win32
		{F04E733E-753F-4C5E-80A6-82AB1E131582}.Win8.1 Release|Win32.Deploy.0 = Win8.1 Release|Win32
		{F04E733E-753F-4C5E-80A6-82AB1E131582}.Win8.1 Release|x64.ActiveCfg = Win8.1 Release|x64
		{F04E733E-753F-4C5E-80A6-82AB1E131582}.Win8.1 Release|x64.Build.0 = Win8.1 Release|x64
		{F04E733E-753F-4C5E-80A6-82AB1E131582}.Win8.1 Release|x64.Deploy.0 = Win8.1 Release|x64
		{2E0ECC07-EEC3-4EED-9FAD-BF6FD6B470F6}.Debug|Win32.ActiveCfg = Win8.1 Debug|Win32
		{2E0ECC07-EEC3-4EED-9FAD-BF6FD6B470F6}.Debug|Win32.Build.0 = Win8.1 Debug|Win32
		{2E0ECC07-EEC3-4EED-9FAD-BF6FD6B470F6}.Debug|Win32.Deploy.0 = Win8.1 Debug|Win32
		{2E0ECC07-EEC3-4EED-9FAD-BF6FD6B470F6}.Debug|x64.ActiveCfg = Win8.1 Debug|x64
		{2E0ECC07-EEC3-4EED-9FAD-BF6FD6B470F6}.Debug|x64.Build.0 = Win8.1 Debug|x64
		{2E0ECC07-EEC3-4EED-9FAD-BF6FD6B470F6}.Debug|x64.Deploy.0 = Win8.1 Debug|x64
		{2E0ECC07-EEC3-4EED-9FAD-BF6FD6B470F6}.Release|Win32.ActiveCfg = Win8.1 Release|Win32
		{2E0ECC07-EEC3-4EED-9FAD-BF6FD6B470F6}.Release|Win32.Build.0 = Win8.1 Release|Win32
		{2E0ECC07-EEC3-4EED-9FAD-BF6FD6B470F6}.Release|Win32.Deploy.0 = Win8.1 Release|Win32
		{2E0ECC07-EEC3-4EED-9FAD-BF6FD6B470F6}.Release|x64.ActiveCfg = Win8.1 Release|x64
		{2E0ECC07-EEC3-4EED-9FAD-BF6FD6B470F6}.Release|x64.Build.0 = Win8.1 Release|x64
		{2E0ECC07-EEC3-4EED-9FAD-BF6FD6B470F6}.Release|x64.Deploy.0 = Win8.1 Release|x64
		{2E0ECC07-EEC3-4EED-9FAD-BF6FD6B470F6}.Win7 Debug|Win32.ActiveCfg = Win7 Debug|Win32
		{2E0ECC07-EEC3-4EED-9FAD-BF6FD6B470F6}.Win7 Debug|Win32.Build.0 = Win7 Debug|Win32
		{2E0ECC07-EEC3-4EED-9FAD-BF6FD6B470F6}.Win7 Debug|Win32.Deploy.0 = Win7 Debug|Win32
		{2E0ECC07-EEC3-4EED-9FAD-BF6FD6B470F6}.Win7 Debug|x64.ActiveCfg = Win7 Debug|x64
		{2E0ECC07-EEC3-4EED-9FAD-BF6FD6B470F6}.Win7 Debug|x64.Build.0 = Win7 Debug|x64
		{2E0ECC07-EEC3-4EED-9FAD-BF6FD6B470F6}.Win7 Debug|x64.Deploy.0 = Win7 Debug|x64
		{2E0ECC07-EEC3-4EED-9FAD-BF6FD6B470F6}.Win7 Release|Win32.ActiveCfg = Win7 Release|Win32
		{2E0ECC07-EEC3-4EED-9FAD-BF6FD6B470F6}.Win7 Release|Win32.Build.0 = Win7 Release|Win32
		{2E0ECC07-EEC3-4EED-9FAD-BF6FD6B470F6}.Win7 Release|Win32.Deploy.0 = Win7 Release|Win32
		{2E0ECC07-EEC3-4EED-9FAD-BF6FD6B470F6}.Win7 Release|x64.ActiveCfg = Win7 Release|x64
		{2E0ECC07-EEC3-4EED-9FAD-BF6FD6B470F6}.Win7 Release|x64.Build.0 = Win7 Release|x64
		{2E0ECC07-EEC3-4EED-9FAD-BF6FD6B470F6}.Win7 Release|x64.Deploy.0 = Win7 Release|x64
		{2E0ECC07-EEC3-4EED-9FAD-BF6FD6B470F6}.Win8 Debug|Win32.ActiveCfg = Win8 Debug|Win32
		{2E0ECC07-EEC3-4EED-9FAD-BF6FD6B470F6}.Win8 Debug|Win32.Build.0 = Win8 Debug|Win32
		{2E0ECC07-EEC3-4EED-9FAD-BF6FD6B470F6}.Win8 Debug|Win32.Deploy.0 = Win8 Debug|Win32
		{2E0ECC07-EEC3-4EED-9FAD-BF6FD6B470F6}.Win8 Debug|x64.ActiveCfg = Win8 Debug|x64
		{2E0ECC07-EEC3-4EED-9FAD-BF6FD6B470F6}.Win8 Debug|x64.Build.0 = Win8 Debug|x64
		{2E0ECC07-EEC3-4EED-9FAD-BF6FD6B470F6}.Win8 Debug|x64.Deploy.0 = Win8 Debug|x64
		{2E0ECC07-EEC3-4EED-9FAD-BF6FD6B470F6}.Win8 Release|Win32.ActiveCfg = Win8 Release|Win32
		{2E0ECC07-EEC3-4EED-9FAD-BF6FD6B470F6}.Win8 Release|Win32.Build.0 = Win8 Release|Win32
		{2E0ECC07-EEC3-4EED-9FAD-BF6FD6B470F6}.Win8 Release|Win32.Deploy.0 = Win8 Release|Win32
		{2E0ECC07-EEC3-4EED-9FAD-BF6FD6B470F6}.Win8 Release|x64.ActiveCfg = Win8 Release|x64
		{2E0ECC07-EEC3-4EED-9FAD-BF6FD6B470F6}.Win8 Release|x64.Build.0 = Win8 Release|x64
		{2E0ECC07-EEC3-4EED-9FAD-BF6FD6B470F6}.Win8 Release|x64.Deploy.0 = Win8 Release|x64
		{2E0ECC07-EEC3-4EED-9FAD-BF6FD6B470F6}.Win8.1 Debug|Win32.ActiveCfg = Win8.1 Debug|Win32
		{2E0ECC07-EEC3-4EED-9FAD-BF6FD6B470F6}.Win8.1 Debug|Win32.Build.0 = Win8.1 Debug|Win32
		{2E0ECC07-EEC3-4EED-9FAD-BF6FD6B470F6}.Win8.1 Debug|Win32.Deploy.0 = Win8.1 Debug|Win32
		{2E0ECC07-EEC3-4EED-9FAD-BF6FD6B470F6}.Win8.1 Debug|x64.ActiveCfg = Win8.1 Debug|x64
		{2E0ECC07-EEC3-4EED-9FAD-BF6FD6B470F6}.Win8.1 Debug|x64.Build.0 = Win8.1 Debug|x64
		{2E0ECC07-EEC3-4EED-9FAD-BF6FD6B470F6}.Win8.1 Debug|x64.Deploy.0 = Win8.1 Debug|x64
		{2E0ECC07-EEC3-4EED-9FAD-BF6FD6B470F6}.Win8.1 Release|Win32.ActiveCfg = Win8.1 Release|Win32
		{2E0ECC07-EEC3-4EED-9FAD-BF6FD6B470F6}.Win8.1 Release|Win32.Build.0 = Win8.1 Release|Win32
		{2E0ECC07-EEC3-4EED-9FAD-BF6FD6B470F6}.Win8.1 Release|Win32.Deploy.0 = Win8.1 Release|Win32
		{2E0ECC07-EEC3-4EED-9FAD-BF6FD6B470F6}.Win8.1 Release|x64.ActiveCfg = Win8.1 Release|x64
		{2E0ECC07-EEC3-4EED-9FAD-BF6FD6B470F6}.Win8.1 Release|x64.Build.0 = Win8.1 Release|x64
		{2E0ECC07-EEC3-4EED-9FAD-BF6FD6B470F6}.Win8.1 Release|x64.Deploy.0 = Win8.1 Release|x64
		{DC248270-F216-4A5C-997E-218E6CE8C016}.Debug|Win32.ActiveCfg = Debug|Win32
		{DC248270-F216-4A5C-997E-218E6CE8C016}.Debug|Win32.Build.0 = Debug|Win32
		{DC248270-F216-4A5C-997E-218E6CE8C016}.Debug|Win32.Deploy.0 = Debug|Win32
		{DC248270-F216-4A5C-997E-218E6CE8C016}.Debug|x64.ActiveCfg = Debug|Win32
		{DC248270-F216-4A5C-997E-218E6CE8C016}.Release|Win32.ActiveCfg = Release|Win32
		{DC248270-F216-4A5C-997E-218E6CE8C016}.Release|Win32.Build.0 = Release|Win32
		{DC248270-F216-4A5C-997E-218E6CE8C016}.Release|Win32.Deploy.0 = Release|Win32
		{DC248270-F216-4A5C-997E-218E6CE8C016}.Release|x64.ActiveCfg = Release|Win32
		{DC248270-F216-4A5C-997E-218E6CE8C016}.Win7 Debug|Win32.ActiveCfg = Debug|Win32
		{DC248270-F216-4A5C-997E-218E6CE8C016}.Win7 Debug|Win32.Build.0 = Debug|Win32
		{DC248270-F216-4A5C-997E-218E6CE8C016}.Win7 Debug|Win32.Deploy.0 = Debug|Win32
		{DC248270-F216-4A5C-997E-218E6CE8C016}.Win7 Debug|x64.ActiveCfg = Debug|Win32
		{DC248270-F216-4A5C-997E-218E6CE8C016}.Win7 Release|Win32.ActiveCfg = Release|Win32
		{DC248270-F216-4A5C-997E-218E6CE8C016}.Win7 Release|Win32.Build.0 = Release|Win32
		{DC248270-F216-4A5C-997E-218E6CE8C016}.Win7 Release|Win32.Deploy.0 = Release|Win32
		{DC248270-F216-4A5C-997E-218E6CE8C016}.Win7 Release|x64.ActiveCfg = Release|Win32
		{DC248270-F216-4A5C-997E-218E6CE8C016}.Win8 Debug|Win32.ActiveCfg = Debug|Win32
		{DC248270-F216-4A5C-997E-218E6CE8C016}.Win8 Debug|Win32.Build.0 = Debug|Win32
		{DC248270-F216-4A5C-997E-218E6CE8C016}.Win8 Debug|Win32.Deploy.0 = Debug|Win32
		{DC248270-F216-4A5C-997E-218E6CE8C016}.Win8 Debug|x64.ActiveCfg = Debug|Win32
		{DC248270-F216-4A5C-997E-218E6CE8C016}.Win8 Release|Win32.ActiveCfg = Release|Win32
		{DC248270-F216-4A5C-997E-218E6CE8C016}.Win8 Release|Win32.Build.0 = Release|Win32
		{DC248270-F216-4A5C-997E-218E6CE8C016}.Win8 Release|Win32.Deploy.0 = Release|Win32
		{DC248270-F216-4A5C-997E-218E6CE8C016}.Win8 Release|x64.ActiveCfg = Release|Win32
		{DC248270-F216-4A5C-997E-218E6CE8C016}.Win8.1 Debug|Win32.ActiveCfg = Debug|Win32
		{DC248270-F216-4A5C-997E-218E6CE8C016}.Win8.1 Debug|Win32.Build.0 = Debug|Win32
		{DC248270-F216-4A5C-997E-218E6CE8C016}.Win8.1 Debug|Win32.Deploy.0 = Debug|Win32
		{DC248270-F216-4A5C-997E-218E6CE8C016}.Win8.1 Debug|x64.ActiveCfg = Debug|Win32
		{DC248270-F216-4A5C-997E-218E6CE8C016}.Win8.1 Release|Win32.ActiveCfg = Release|Win32
		{DC248270-F216-4A5C-997E-218E6CE8C016}.Win8.1 Release|Win32.Build.0 = Release|Win32
		{DC248270-F216-4A5C-997E-218E6CE8C016}.Win8.1 Release|Win32.Deploy.0 = Release|Win32
		{DC248270-F216-4A5C-997E-218E6CE8C016}.Win8.1 Release|x64.ActiveCfg = Release|Win32
		{564AE4F4-73F2-4BF7-A738-065D5D1E7AAB}.Debug|Win32.ActiveCfg = Debug|Win32
		{564AE4F4-73F2-4BF7-A738-065D5D1E7AAB}.Debug|Win32.Build.0 = Debug|Win32
		{564AE4F4-73F2-4BF7-A738-065D5D1E7AAB}.Debug|Win32.Deploy.0 = Debug|Win32
		{564AE4F4-73F2-4BF7-A738-065D5D1E7AAB}.Debug|x64.ActiveCfg = Debug|Win32
		{564AE4F4-73F2-4BF7-A738-065D5D1E7AAB}.Release|Win32.ActiveCfg = Release|Win32
		{564AE4F4-73F2-4BF7-A738-065D5D1E7AAB}.Release|Win32.Build.0 = Release|Win32
		{564AE4F4-73F2-4BF7-A738-065D5D1E7AAB}.Release|Win32.Deploy.0 = Release|Win32
		{564AE4F4-73F2-4BF7-A738-065D5D1E7AAB}.Release|x64.ActiveCfg = Release|Win32
		{564AE4F4-73F2-4BF7-A738-065D5D1E7AAB}.Win7 Debug|Win32.ActiveCfg = Debug|Win32
		{564AE4F4-73F2-4BF7-A738-065D5D1E7AAB}.Win7 Debug|Win32.Build.0 = Debug|Win32
		{564AE4F4-73F2-4BF7-A738-065D5D1E7AAB}.Win7 Debug|Win32.Deploy.0 = Debug|Win32
		{564AE4F4-73F2-4BF7-A738-065D5D1E7AAB}.Win7 Debug|x64.ActiveCfg = Debug|Win32
		{564AE4F4-73F2-4BF7-A738-065D5D1E7AAB}.Win7 Release|Win32.ActiveCfg = Release|Win32
		{564AE4F4-73F2-4BF7-A738-065D5D1E7AAB}.Win7 Release|Win32.Build.0 = Release|Win32
		{564AE4F4-73F2-4BF7-A738-065D5D1E7AAB}.Win7 Release|Win32.Deploy.0 = Release|Win32
		{564AE4F4-73F2-4BF7-A738-065D5D1E7AAB}.Win7 Release|x64.ActiveCfg = Release|Win32
		{564AE4F4-73F2-4BF7-A738-065D5D1E7AAB}.Win8 Debug|Win32.ActiveCfg = Debug|Win32
		{564AE4F4-73F2-4BF7-A738-065D5D1E7AAB}.Win8 Debug|Win32.Build.0 = Debug|Win32
		{564AE4F4-73F2-4BF7-A738-065D5D1E7AAB}.Win8 Debug|Win32.Deploy.0 = Debug|Win32
		{564AE4F4-73F2-4BF7-A738-065D5D1E7AAB}.Win8 Debug|x64.ActiveCfg = Debug|Win32
		{564AE4F4-73F2-4BF7-A738-065D5D1E7AAB}.Win8 Release|Win32.ActiveCfg = Release|Win32
		{564AE4F4-73F2-4BF7-A738-065D5D1E7AAB}.Win8 Release|Win32.Build.0 = Release|Win32
		{564AE4F4-73F2-4BF7-A738-065D5D1E7AAB}.Win8 Release|Win32.Deploy.0 = Release|Win32
		{564AE4F4-73F2-4BF7-A738-065D5D1E7AAB}.Win8 Release|x64.ActiveCfg = Release|Win32
		{564AE4F4-73F2-4BF7-A738-065D5D1E7AAB}.Win8.1 Debug|Win32.ActiveCfg = Debug|Win32
		{564AE4F4-73F2-4BF7-A738-065D5D1E7AAB}.Win8.1 Debug|Win32.Build.0 = Debug|Win32
		{564AE4F4-73F2-4BF7-A738-065D5D1E7AAB}.Win8.1 Debug|Win32.Deploy.0 = Debug|Win32
		{564AE4F4-73F2-4BF7-A738-065D5D1E7AAB}.Win8.1 Debug|x64.ActiveCfg = Debug|Win32
		{564AE4F4-73F2-4BF7-A738-065D5D1E7AAB}.Win8.1 Release|Win32.ActiveCfg = Release|Win32
		{564AE4F4-73F2-4BF7-A738-065D5D1E7AAB}.Win8.1 Release|Win32.Build.0 = Release|Win32
		{564AE4F4-73F2-4BF7-A738-065D5D1E7AAB}.Win8.1 Release|Win32.Deploy.0 = Release|Win32
		{564AE4F4-73F2-4BF7-A738-065D5D1E7AAB}.Win8.1 Release|x64.ActiveCfg = Release|Win32
	EndGlobalSection
	GlobalSection(SolutionProperties) = preSolution
		HideSolutionNode = FALSE
	EndGlobalSection
EndGlobal
